PODS:
  - geos (5.0.0)
  - GEOSwift (7.2.0):
    - geos (~> 5.0)
  - Mapbox-iOS-SDK (4.0.1)

DEPENDENCIES:
  - GEOSwift (~> 7.2.0)
  - Mapbox-iOS-SDK

SPEC REPOS:
  trunk:
    - geos
    - GEOSwift
    - Mapbox-iOS-SDK

SPEC CHECKSUMS:
  geos: e91fba0bb3497e3a8e68ca6103bddd45ec548e06
  GEOSwift: 1aed09f3a98848017717d2402ac74df6c3ff3ee0
  Mapbox-iOS-SDK: 09b978be732d753e5c5e2911460fc0a018ce9be6

PODFILE CHECKSUM: e3c0ff2886c6d830d51bf178a5ded57fde053d06

COCOAPODS: 1.10.0
